
Microsoft Visual Studio Solution File, Format Version 12.00
# Visual Studio Version 17
VisualStudioVersion = 17.10.35122.118
MinimumVisualStudioVersion = 10.0.40219.1
Project("{E24C65DC-7377-472B-9ABA-BC803B73C61A}") = "Cafetería Gen 9", ".", "{22FD20A6-DF94-4F67-81C3-BDDE97128946}"
	ProjectSection(WebsiteProperties) = preProject
		TargetFrameworkMoniker = ".NETFramework,Version%3Dv4.8"
		Debug.AspNetCompiler.VirtualPath = "/localhost_50554"
		Debug.AspNetCompiler.PhysicalPath = "..\Cafetería Gen 9\"
		Debug.AspNetCompiler.TargetPath = "PrecompiledWeb\localhost_50554\"
		Debug.AspNetCompiler.Updateable = "true"
		Debug.AspNetCompiler.ForceOverwrite = "true"
		Debug.AspNetCompiler.FixedNames = "false"
		Debug.AspNetCompiler.Debug = "True"
		Release.AspNetCompiler.VirtualPath = "/localhost_50554"
		Release.AspNetCompiler.PhysicalPath = "..\Cafetería Gen 9\"
		Release.AspNetCompiler.TargetPath = "PrecompiledWeb\localhost_50554\"
		Release.AspNetCompiler.Updateable = "true"
		Release.AspNetCompiler.ForceOverwrite = "true"
		Release.AspNetCompiler.FixedNames = "false"
		Release.AspNetCompiler.Debug = "False"
		VWDPort = "50554"
		SlnRelativePath = "..\Cafetería Gen 9\"
		DefaultWebSiteLanguage = "Visual C#"
	EndProjectSection
EndProject
Global
	GlobalSection(SolutionConfigurationPlatforms) = preSolution
		Debug|Any CPU = Debug|Any CPU
	EndGlobalSection
	GlobalSection(ProjectConfigurationPlatforms) = postSolution
		{22FD20A6-DF94-4F67-81C3-BDDE97128946}.Debug|Any CPU.ActiveCfg = Debug|Any CPU
		{22FD20A6-DF94-4F67-81C3-BDDE97128946}.Debug|Any CPU.Build.0 = Debug|Any CPU
	EndGlobalSection
	GlobalSection(SolutionProperties) = preSolution
		HideSolutionNode = FALSE
	EndGlobalSection
	GlobalSection(ExtensibilityGlobals) = postSolution
		SolutionGuid = {AD305053-6B41-42B6-A28E-989DAD03D7AC}
	EndGlobalSection
EndGlobal
